// !$*UTF8*$!
{
	archiveVersion = 1;
	classes = {
	};
	objectVersion = 50;
	objects = {

/* Begin PBXBuildFile section */
		CDD8D73422528C0700124DD4 /* lucru.swift in Sources */ = {isa = PBXBuildFile; fileRef = CDD8D73322528C0700124DD4 /* lucru.swift */; };
		CDD92D7722527C0100670DE8 /* AppDelegate.swift in Sources */ = {isa = PBXBuildFile; fileRef = CDD92D7622527C0100670DE8 /* AppDelegate.swift */; };
		CDD92D7922527C0100670DE8 /* ViewController.swift in Sources */ = {isa = PBXBuildFile; fileRef = CDD92D7822527C0100670DE8 /* ViewController.swift */; };
		CDD92D7C22527C0100670DE8 /* Main.storyboard in Resources */ = {isa = PBXBuildFile; fileRef = CDD92D7A22527C0100670DE8 /* Main.storyboard */; };
		CDD92D7E22527C0200670DE8 /* Assets.xcassets in Resources */ = {isa = PBXBuildFile; fileRef = CDD92D7D22527C0200670DE8 /* Assets.xcassets */; };
		CDD92D8122527C0200670DE8 /* LaunchScreen.storyboard in Resources */ = {isa = PBXBuildFile; fileRef = CDD92D7F22527C0200670DE8 /* LaunchScreen.storyboard */; };
		CDD92D8922527C9000670DE8 /* employees.json in Resources */ = {isa = PBXBuildFile; fileRef = CDD92D8822527C9000670DE8 /* employees.json */; };
/* End PBXBuildFile section */

/* Begin PBXFileReference section */
		CDD8D73322528C0700124DD4 /* lucru.swift */ = {isa = PBXFileReference; lastKnownFileType = sourcecode.swift; path = lucru.swift; sourceTree = "<group>"; };
		CDD92D7322527C0100670DE8 /* employess.app */ = {isa = PBXFileReference; explicitFileType = wrapper.application; includeInIndex = 0; path = employess.app; sourceTree = BUILT_PRODUCTS_DIR; };
		CDD92D7622527C0100670DE8 /* AppDelegate.swift */ = {isa = PBXFileReference; lastKnownFileType = sourcecode.swift; path = AppDelegate.swift; sourceTree = "<group>"; };
		CDD92D7822527C0100670DE8 /* ViewController.swift */ = {isa = PBXFileReference; lastKnownFileType = sourcecode.swift; path = ViewController.swift; sourceTree = "<group>"; };
		CDD92D7B22527C0100670DE8 /* Base */ = {isa = PBXFileReference; lastKnownFileType = file.storyboard; name = Base; path = Base.lproj/Main.storyboard; sourceTree = "<group>"; };
		CDD92D7D22527C0200670DE8 /* Assets.xcassets */ = {isa = PBXFileReference; lastKnownFileType = folder.assetcatalog; path = Assets.xcassets; sourceTree = "<group>"; };
		CDD92D8022527C0200670DE8 /* Base */ = {isa = PBXFileReference; lastKnownFileType = file.storyboard; name = Base; path = Base.lproj/LaunchScreen.storyboard; sourceTree = "<group>"; };
		CDD92D8222527C0200670DE8 /* Info.plist */ = {isa = PBXFileReference; lastKnownFileType = text.plist.xml; path = Info.plist; sourceTree = "<group>"; };
		CDD92D8822527C9000670DE8 /* employees.json */ = {isa = PBXFileReference; fileEncoding = 4; lastKnownFileType = text.json; name = employees.json; path = "../../../../../Downloads/2019_03_29_05-19-06-1728-M1S2-Homework/employees.json"; sourceTree = "<group>"; };
/* End PBXFileReference section */

/* Begin PBXFrameworksBuildPhase section */
		CDD92D7022527C0100670DE8 /* Frameworks */ = {
			isa = PBXFrameworksBuildPhase;
			buildActionMask = 2147483647;
			files = (
			);
			runOnlyForDeploymentPostprocessing = 0;
		};
/* End PBXFrameworksBuildPhase section */

/* Begin PBXGroup section */
		CDD92D6A22527C0100670DE8 = {
			isa = PBXGroup;
			children = (
				CDD92D7522527C0100670DE8 /* employess */,
				CDD92D7422527C0100670DE8 /* Products */,
			);
			sourceTree = "<group>";
		};
		CDD92D7422527C0100670DE8 /* Products */ = {
			isa = PBXGroup;
			children = (
				CDD92D7322527C0100670DE8 /* employess.app */,
			);
			name = Products;
			sourceTree = "<group>";
		};
		CDD92D7522527C0100670DE8 /* employess */ = {
			isa = PBXGroup;
			children = (
				CDD92D8822527C9000670DE8 /* employees.json */,
				CDD8D73322528C0700124DD4 /* lucru.swift */,
				CDD92D7622527C0100670DE8 /* AppDelegate.swift */,
				CDD92D7822527C0100670DE8 /* ViewController.swift */,
				CDD92D7A22527C0100670DE8 /* Main.storyboard */,
				CDD92D7D22527C0200670DE8 /* Assets.xcassets */,
				CDD92D7F22527C0200670DE8 /* LaunchScreen.storyboard */,
				CDD92D8222527C0200670DE8 /* Info.plist */,
			);
			path = employess;
			sourceTree = "<group>";
		};
/* End PBXGroup section */

/* Begin PBXNativeTarget section */
		CDD92D7222527C0100670DE8 /* employess */ = {
			isa = PBXNativeTarget;
			buildConfigurationList = CDD92D8522527C0200670DE8 /* Build configuration list for PBXNativeTarget "employess" */;
			buildPhases = (
				CDD92D6F22527C0100670DE8 /* Sources */,
				CDD92D7022527C0100670DE8 /* Frameworks */,
				CDD92D7122527C0100670DE8 /* Resources */,
			);
			buildRules = (
			);
			dependencies = (
			);
			name = employess;
			productName = employess;
			productReference = CDD92D7322527C0100670DE8 /* employess.app */;
			productType = "com.apple.product-type.application";
		};
/* End PBXNativeTarget section */

/* Begin PBXProject section */
		CDD92D6B22527C0100670DE8 /* Project object */ = {
			isa = PBXProject;
			attributes = {
				LastSwiftUpdateCheck = 1010;
				LastUpgradeCheck = 1010;
				ORGANIZATIONNAME = Bogus;
				TargetAttributes = {
					CDD92D7222527C0100670DE8 = {
						CreatedOnToolsVersion = 10.1;
					};
				};
			};
			buildConfigurationList = CDD92D6E22527C0100670DE8 /* Build configuration list for PBXProject "employess" */;
			compatibilityVersion = "Xcode 9.3";
			developmentRegion = en;
			hasScannedForEncodings = 0;
			knownRegions = (
				en,
				Base,
			);
			mainGroup = CDD92D6A22527C0100670DE8;
			productRefGroup = CDD92D7422527C0100670DE8 /* Products */;
			projectDirPath = "";
			projectRoot = "";
			targets = (
				CDD92D7222527C0100670DE8 /* employess */,
			);
		};
/* End PBXProject section */

/* Begin PBXResourcesBuildPhase section */
		CDD92D7122527C0100670DE8 /* Resources */ = {
			isa = PBXResourcesBuildPhase;
			buildActionMask = 2147483647;
			files = (
				CDD92D8122527C0200670DE8 /* LaunchScreen.storyboard in Resources */,
				CDD92D8922527C9000670DE8 /* employees.json in Resources */,
				CDD92D7E22527C0200670DE8 /* Assets.xcassets in Resources */,
				CDD92D7C22527C0100670DE8 /* Main.storyboard in Resources */,
			);
			runOnlyForDeploymentPostprocessing = 0;
		};
/* End PBXResourcesBuildPhase section */

/* Begin PBXSourcesBuildPhase section */
		CDD92D6F22527C0100670DE8 /* Sources */ = {
			isa = PBXSourcesBuildPhase;
			buildActionMask = 2147483647;
			files = (
				CDD92D7922527C0100670DE8 /* ViewController.swift in Sources */,
				CDD92D7722527C0100670DE8 /* AppDelegate.swift in Sources */,
				CDD8D73422528C0700124DD4 /* lucru.swift in Sources */,
			);
			runOnlyForDeploymentPostprocessing = 0;
		};
/* End PBXSourcesBuildPhase section */

/* Begin PBXVariantGroup section */
		CDD92D7A22527C0100670DE8 /* Main.storyboard */ = {
			isa = PBXVariantGroup;
			children = (
				CDD92D7B22527C0100670DE8 /* Base */,
			);
			name = Main.storyboard;
			sourceTree = "<group>";
		};
		CDD92D7F22527C0200670DE8 /* LaunchScreen.storyboard */ = {
			isa = PBXVariantGroup;
			children = (
				CDD92D8022527C0200670DE8 /* Base */,
			);
			name = LaunchScreen.storyboard;
			sourceTree = "<group>";
		};
/* End PBXVariantGroup section */

/* Begin XCBuildConfiguration section */
		CDD92D8322527C0200670DE8 /* Debug */ = {
			isa = XCBuildConfiguration;
			buildSettings = {
				ALWAYS_SEARCH_USER_PATHS = NO;
				CLANG_ANALYZER_NONNULL = YES;
				CLANG_ANALYZER_NUMBER_OBJECT_CONVERSION = YES_AGGRESSIVE;
				CLANG_CXX_LANGUAGE_STANDARD = "gnu++14";
				CLANG_CXX_LIBRARY = "libc++";
				CLANG_ENABLE_MODULES = YES;
				CLANG_ENABLE_OBJC_ARC = YES;
				CLANG_ENABLE_OBJC_WEAK = YES;
				CLANG_WARN_BLOCK_CAPTURE_AUTORELEASING = YES;
				CLANG_WARN_BOOL_CONVERSION = YES;
				CLANG_WARN_COMMA = YES;
				CLANG_WARN_CONSTANT_CONVERSION = YES;
				CLANG_WARN_DEPRECATED_OBJC_IMPLEMENTATIONS = YES;
				CLANG_WARN_DIRECT_OBJC_ISA_USAGE = YES_ERROR;
				CLANG_WARN_DOCUMENTATION_COMMENTS = YES;
				CLANG_WARN_EMPTY_BODY = YES;
				CLANG_WARN_ENUM_CONVERSION = YES;
				CLANG_WARN_INFINITE_RECURSION = YES;
				CLANG_WARN_INT_CONVERSION = YES;
				CLANG_WARN_NON_LITERAL_NULL_CONVERSION = YES;
				CLANG_WARN_OBJC_IMPLICIT_RETAIN_SELF = YES;
				CLANG_WARN_OBJC_LITERAL_CONVERSION = YES;
				CLANG_WARN_OBJC_ROOT_CLASS = YES_ERROR;
				CLANG_WARN_RANGE_LOOP_ANALYSIS = YES;
				CLANG_WARN_STRICT_PROTOTYPES = YES;
				CLANG_WARN_SUSPICIOUS_MOVE = YES;
				CLANG_WARN_UNGUARDED_AVAILABILITY = YES_AGGRESSIVE;
				CLANG_WARN_UNREACHABLE_CODE = YES;
				CLANG_WARN__DUPLICATE_METHOD_MATCH = YES;
				CODE_SIGN_IDENTITY = "iPhone Developer";
				COPY_PHASE_STRIP = NO;
				DEBUG_INFORMATION_FORMAT = dwarf;
				ENABLE_STRICT_OBJC_MSGSEND = YES;
				ENABLE_TESTABILITY = YES;
				GCC_C_LANGUAGE_STANDARD = gnu11;
				GCC_DYNAMIC_NO_PIC = NO;
				GCC_NO_COMMON_BLOCKS = YES;
				GCC_OPTIMIZATION_LEVEL = 0;
				GCC_PREPROCESSOR_DEFINITIONS = (
					"DEBUG=1",
					"$(inherited)",
				);
				GCC_WARN_64_TO_32_BIT_CONVERSION = YES;
				GCC_WARN_ABOUT_RETURN_TYPE = YES_ERROR;
				GCC_WARN_UNDECLARED_SELECTOR = YES;
				GCC_WARN_UNINITIALIZED_AUTOS = YES_AGGRESSIVE;
				GCC_WARN_UNUSED_FUNCTION = YES;
				GCC_WARN_UNUSED_VARIABLE = YES;
				IPHONEOS_DEPLOYMENT_TARGET = 12.1;
				MTL_ENABLE_DEBUG_INFO = INCLUDE_SOURCE;
				MTL_FAST_MATH = YES;
				ONLY_ACTIVE_ARCH = YES;
				SDKROOT = iphoneos;
				SWIFT_ACTIVE_COMPILATION_CONDITIONS = DEBUG;
				SWIFT_OPTIMIZATION_LEVEL = "-Onone";
			};
			name = Debug;
		};
		CDD92D8422527C0200670DE8 /* Release */ = {
			isa = XCBuildConfiguration;
			buildSettings = {
				ALWAYS_SEARCH_USER_PATHS = NO;
				CLANG_ANALYZER_NONNULL = YES;
				CLANG_ANALYZER_NUMBER_OBJECT_CONVERSION = YES_AGGRESSIVE;
				CLANG_CXX_LANGUAGE_STANDARD = "gnu++14";
				CLANG_CXX_LIBRARY = "libc++";
				CLANG_ENABLE_MODULES = YES;
				CLANG_ENABLE_OBJC_ARC = YES;
				CLANG_ENABLE_OBJC_WEAK = YES;
				CLANG_WARN_BLOCK_CAPTURE_AUTORELEASING = YES;
				CLANG_WARN_BOOL_CONVERSION = YES;
				CLANG_WARN_COMMA = YES;
				CLANG_WARN_CONSTANT_CONVERSION = YES;
				CLANG_WARN_DEPRECATED_OBJC_IMPLEMENTATIONS = YES;
				CLANG_WARN_DIRECT_OBJC_ISA_USAGE = YES_ERROR;
				CLANG_WARN_DOCUMENTATION_COMMENTS = YES;
				CLANG_WARN_EMPTY_BODY = YES;
				CLANG_WARN_ENUM_CONVERSION = YES;
				CLANG_WARN_INFINITE_RECURSION = YES;
				CLANG_WARN_INT_CONVERSION = YES;
				CLANG_WARN_NON_LITERAL_NULL_CONVERSION = YES;
				CLANG_WARN_OBJC_IMPLICIT_RETAIN_SELF = YES;
				CLANG_WARN_OBJC_LITERAL_CONVERSION = YES;
				CLANG_WARN_OBJC_ROOT_CLASS = YES_ERROR;
				CLANG_WARN_RANGE_LOOP_ANALYSIS = YES;
				CLANG_WARN_STRICT_PROTOTYPES = YES;
				CLANG_WARN_SUSPICIOUS_MOVE = YES;
				CLANG_WARN_UNGUARDED_AVAILABILITY = YES_AGGRESSIVE;
				CLANG_WARN_UNREACHABLE_CODE = YES;
				CLANG_WARN__DUPLICATE_METHOD_MATCH = YES;
				CODE_SIGN_IDENTITY = "iPhone Developer";
				COPY_PHASE_STRIP = NO;
				DEBUG_INFORMATION_FORMAT = "dwarf-with-dsym";
				ENABLE_NS_ASSERTIONS = NO;
				ENABLE_STRICT_OBJC_MSGSEND = YES;
				GCC_C_LANGUAGE_STANDARD = gnu11;
				GCC_NO_COMMON_BLOCKS = YES;
				GCC_WARN_64_TO_32_BIT_CONVERSION = YES;
				GCC_WARN_ABOUT_RETURN_TYPE = YES_ERROR;
				GCC_WARN_UNDECLARED_SELECTOR = YES;
				GCC_WARN_UNINITIALIZED_AUTOS = YES_AGGRESSIVE;
				GCC_WARN_UNUSED_FUNCTION = YES;
				GCC_WARN_UNUSED_VARIABLE = YES;
				IPHONEOS_DEPLOYMENT_TARGET = 12.1;
				MTL_ENABLE_DEBUG_INFO = NO;
				MTL_FAST_MATH = YES;
				SDKROOT = iphoneos;
				SWIFT_COMPILATION_MODE = wholemodule;
				SWIFT_OPTIMIZATION_LEVEL = "-O";
				VALIDATE_PRODUCT = YES;
			};
			name = Release;
		};
		CDD92D8622527C0200670DE8 /* Debug */ = {
			isa = XCBuildConfiguration;
			buildSettings = {
				ASSETCATALOG_COMPILER_APPICON_NAME = AppIcon;
				CODE_SIGN_STYLE = Automatic;
				INFOPLIST_FILE = employess/Info.plist;
				LD_RUNPATH_SEARCH_PATHS = (
					"$(inherited)",
					"@executable_path/Frameworks",
				);
				PRODUCT_BUNDLE_IDENTIFIER = bogus.employess;
				PRODUCT_NAME = "$(TARGET_NAME)";
				SWIFT_VERSION = 4.2;
				TARGETED_DEVICE_FAMILY = "1,2";
			};
			name = Debug;
		};
		CDD92D8722527C0200670DE8 /* Release */ = {
			isa = XCBuildConfiguration;
			buildSettings = {
				ASSETCATALOG_COMPILER_APPICON_NAME = AppIcon;
				CODE_SIGN_STYLE = Automatic;
				INFOPLIST_FILE = employess/Info.plist;
				LD_RUNPATH_SEARCH_PATHS = (
					"$(inherited)",
					"@executable_path/Frameworks",
				);
				PRODUCT_BUNDLE_IDENTIFIER = bogus.employess;
				PRODUCT_NAME = "$(TARGET_NAME)";
				SWIFT_VERSION = 4.2;
				TARGETED_DEVICE_FAMILY = "1,2";
			};
			name = Release;
		};
/* End XCBuildConfiguration section */

/* Begin XCConfigurationList section */
		CDD92D6E22527C0100670DE8 /* Build configuration list for PBXProject "employess" */ = {
			isa = XCConfigurationList;
			buildConfigurations = (
				CDD92D8322527C0200670DE8 /* Debug */,
				CDD92D8422527C0200670DE8 /* Release */,
			);
			defaultConfigurationIsVisible = 0;
			defaultConfigurationName = Release;
		};
		CDD92D8522527C0200670DE8 /* Build configuration list for PBXNativeTarget "employess" */ = {
			isa = XCConfigurationList;
			buildConfigurations = (
				CDD92D8622527C0200670DE8 /* Debug */,
				CDD92D8722527C0200670DE8 /* Release */,
			);
			defaultConfigurationIsVisible = 0;
			defaultConfigurationName = Release;
		};
/* End XCConfigurationList section */
	};
	rootObject = CDD92D6B22527C0100670DE8 /* Project object */;
}
